{
    "version": 3,
    "terraform_version": "0.11.11",
    "serial": 67,
    "lineage": "506b6ab1-d1f2-c3df-bc9f-7a870dc1c4f0",
    "modules": [
        {
            "path": [
                "root"
            ],
            "outputs": {},
            "resources": {
                "aws_api_gateway_deployment.payment-notification": {
                    "type": "aws_api_gateway_deployment",
                    "depends_on": [
                        "aws_api_gateway_rest_api.payment-notification"
                    ],
                    "primary": {
                        "id": "exnkan",
                        "attributes": {
                            "created_date": "2018-12-18T20:00:32Z",
                            "description": "",
                            "execution_arn": "arn:aws:execute-api:us-west-2:720044753173:dmbhxcuh49/v2",
                            "id": "exnkan",
                            "invoke_url": "https://dmbhxcuh49.execute-api.us-west-2.amazonaws.com/v2",
                            "rest_api_id": "dmbhxcuh49",
                            "stage_name": "v2"
                        },
                        "meta": {},
                        "tainted": false
                    },
                    "deposed": [],
                    "provider": "provider.aws"
                },
                "aws_api_gateway_integration.notification-topic": {
                    "type": "aws_api_gateway_integration",
                    "depends_on": [
                        "aws_api_gateway_method.notification",
                        "aws_api_gateway_resource.notification",
                        "aws_api_gateway_rest_api.payment-notification",
                        "aws_iam_role.trust-role",
                        "aws_sns_topic.payment-notification-topic"
                    ],
                    "primary": {
                        "id": "agi-dmbhxcuh49-hilcci-POST",
                        "attributes": {
                            "cache_key_parameters.#": "0",
                            "cache_namespace": "hilcci",
                            "connection_id": "",
                            "connection_type": "INTERNET",
                            "content_handling": "",
                            "credentials": "arn:aws:iam::720044753173:role/trust-role",
                            "http_method": "POST",
                            "id": "agi-dmbhxcuh49-hilcci-POST",
                            "integration_http_method": "POST",
                            "passthrough_behavior": "WHEN_NO_MATCH",
                            "request_parameters.%": "5",
                            "request_parameters.integration.request.querystring.Message": "method.request.body",
                            "request_parameters.integration.request.querystring.MessageAttributes.entry.1.Name": "'payment-type'",
                            "request_parameters.integration.request.querystring.MessageAttributes.entry.1.Value.DataType": "'String'",
                            "request_parameters.integration.request.querystring.MessageAttributes.entry.1.Value.StringValue": "method.request.body.type",
                            "request_parameters.integration.request.querystring.TopicArn": "'arn:aws:sns:us-west-2:720044753173:payment-notification-topic'",
                            "request_templates.%": "0",
                            "resource_id": "hilcci",
                            "rest_api_id": "dmbhxcuh49",
                            "timeout_milliseconds": "29000",
                            "type": "AWS",
                            "uri": "arn:aws:apigateway:us-west-2:sns:action/Publish"
                        },
                        "meta": {},
                        "tainted": false
                    },
                    "deposed": [],
                    "provider": "provider.aws"
                },
                "aws_api_gateway_integration_response.ok": {
                    "type": "aws_api_gateway_integration_response",
                    "depends_on": [
                        "aws_api_gateway_method.notification",
                        "aws_api_gateway_method_response.ok",
                        "aws_api_gateway_resource.notification",
                        "aws_api_gateway_rest_api.payment-notification"
                    ],
                    "primary": {
                        "id": "agir-dmbhxcuh49-hilcci-POST-200",
                        "attributes": {
                            "content_handling": "",
                            "http_method": "POST",
                            "id": "agir-dmbhxcuh49-hilcci-POST-200",
                            "resource_id": "hilcci",
                            "response_parameters.%": "0",
                            "response_templates.%": "0",
                            "rest_api_id": "dmbhxcuh49",
                            "selection_pattern": "",
                            "status_code": "200"
                        },
                        "meta": {},
                        "tainted": false
                    },
                    "deposed": [],
                    "provider": "provider.aws"
                },
                "aws_api_gateway_method.notification": {
                    "type": "aws_api_gateway_method",
                    "depends_on": [
                        "aws_api_gateway_model.payment-notification",
                        "aws_api_gateway_request_validator.payment-notification",
                        "aws_api_gateway_resource.notification",
                        "aws_api_gateway_rest_api.payment-notification"
                    ],
                    "primary": {
                        "id": "agm-dmbhxcuh49-hilcci-POST",
                        "attributes": {
                            "api_key_required": "false",
                            "authorization": "NONE",
                            "authorization_scopes.#": "0",
                            "authorizer_id": "",
                            "http_method": "POST",
                            "id": "agm-dmbhxcuh49-hilcci-POST",
                            "request_models.%": "1",
                            "request_models.application/json": "paymentNotificationRequestModel",
                            "request_parameters.%": "0",
                            "request_validator_id": "7kp58v",
                            "resource_id": "hilcci",
                            "rest_api_id": "dmbhxcuh49"
                        },
                        "meta": {},
                        "tainted": false
                    },
                    "deposed": [],
                    "provider": "provider.aws"
                },
                "aws_api_gateway_method_response.ok": {
                    "type": "aws_api_gateway_method_response",
                    "depends_on": [
                        "aws_api_gateway_method.notification",
                        "aws_api_gateway_resource.notification",
                        "aws_api_gateway_rest_api.payment-notification"
                    ],
                    "primary": {
                        "id": "agmr-dmbhxcuh49-hilcci-POST-200",
                        "attributes": {
                            "http_method": "POST",
                            "id": "agmr-dmbhxcuh49-hilcci-POST-200",
                            "resource_id": "hilcci",
                            "response_models.%": "1",
                            "response_models.application/json": "Empty",
                            "response_parameters.%": "0",
                            "rest_api_id": "dmbhxcuh49",
                            "status_code": "200"
                        },
                        "meta": {},
                        "tainted": false
                    },
                    "deposed": [],
                    "provider": "provider.aws"
                },
                "aws_api_gateway_model.payment-notification": {
                    "type": "aws_api_gateway_model",
                    "depends_on": [
                        "aws_api_gateway_rest_api.payment-notification"
                    ],
                    "primary": {
                        "id": "aidfip",
                        "attributes": {
                            "content_type": "application/json",
                            "description": "",
                            "id": "aidfip",
                            "name": "paymentNotificationRequestModel",
                            "rest_api_id": "dmbhxcuh49",
                            "schema": "  {\n  \"type\": \"object\",\n  \"required\": [\n  \"reference\",\n  \"type\",\n  \"body\"\n  ],\n  \"properties\": {\n  \"reference\": {\n  \"type\": \"string\",\n  \"pattern\": \"^(.*)$\"\n  },\n  \"type\": {\n  \"type\": \"string\",\n  \"pattern\": \"^(.*)$\"\n  },\n  \"body\": {\n  \"type\": \"string\",\n  \"pattern\": \"^(.*)$\"\n  }\n  }\n  }\n  "
                        },
                        "meta": {},
                        "tainted": false
                    },
                    "deposed": [],
                    "provider": "provider.aws"
                },
                "aws_api_gateway_request_validator.payment-notification": {
                    "type": "aws_api_gateway_request_validator",
                    "depends_on": [
                        "aws_api_gateway_rest_api.payment-notification"
                    ],
                    "primary": {
                        "id": "7kp58v",
                        "attributes": {
                            "id": "7kp58v",
                            "name": "payment-notification-validator",
                            "rest_api_id": "dmbhxcuh49",
                            "validate_request_body": "true",
                            "validate_request_parameters": "false"
                        },
                        "meta": {},
                        "tainted": false
                    },
                    "deposed": [],
                    "provider": "provider.aws"
                },
                "aws_api_gateway_resource.notification": {
                    "type": "aws_api_gateway_resource",
                    "depends_on": [
                        "aws_api_gateway_rest_api.payment-notification"
                    ],
                    "primary": {
                        "id": "hilcci",
                        "attributes": {
                            "id": "hilcci",
                            "parent_id": "vyxwh793e5",
                            "path": "/notifications",
                            "path_part": "notifications",
                            "rest_api_id": "dmbhxcuh49"
                        },
                        "meta": {},
                        "tainted": false
                    },
                    "deposed": [],
                    "provider": "provider.aws"
                },
                "aws_api_gateway_rest_api.payment-notification": {
                    "type": "aws_api_gateway_rest_api",
                    "depends_on": [],
                    "primary": {
                        "id": "dmbhxcuh49",
                        "attributes": {
                            "api_key_source": "HEADER",
                            "binary_media_types.#": "0",
                            "created_date": "2018-12-18T19:59:07Z",
                            "description": "Payment notification",
                            "endpoint_configuration.#": "1",
                            "endpoint_configuration.0.types.#": "1",
                            "endpoint_configuration.0.types.0": "EDGE",
                            "execution_arn": "arn:aws:execute-api:us-west-2:720044753173:dmbhxcuh49",
                            "id": "dmbhxcuh49",
                            "minimum_compression_size": "-1",
                            "name": "payment-notification",
                            "policy": "",
                            "root_resource_id": "vyxwh793e5"
                        },
                        "meta": {},
                        "tainted": false
                    },
                    "deposed": [],
                    "provider": "provider.aws"
                },
                "aws_iam_role.trust-role": {
                    "type": "aws_iam_role",
                    "depends_on": [
                        "data.aws_iam_policy_document.trust-policy"
                    ],
                    "primary": {
                        "id": "trust-role",
                        "attributes": {
                            "arn": "arn:aws:iam::720044753173:role/trust-role",
                            "assume_role_policy": "{\"Version\":\"2012-10-17\",\"Statement\":[{\"Sid\":\"\",\"Effect\":\"Allow\",\"Principal\":{\"AWS\":\"*\"},\"Action\":\"sts:AssumeRole\"}]}",
                            "create_date": "2018-12-18T19:59:07Z",
                            "description": "",
                            "force_detach_policies": "false",
                            "id": "trust-role",
                            "max_session_duration": "3600",
                            "name": "trust-role",
                            "path": "/",
                            "tags.%": "0",
                            "unique_id": "AROAJGGHNNFRPQZCNW5Z4"
                        },
                        "meta": {},
                        "tainted": false
                    },
                    "deposed": [],
                    "provider": "provider.aws"
                },
                "aws_sns_topic.payment-notification-topic": {
                    "type": "aws_sns_topic",
                    "depends_on": [],
                    "primary": {
                        "id": "arn:aws:sns:us-west-2:720044753173:payment-notification-topic",
                        "attributes": {
                            "application_failure_feedback_role_arn": "",
                            "application_success_feedback_role_arn": "",
                            "application_success_feedback_sample_rate": "0",
                            "arn": "arn:aws:sns:us-west-2:720044753173:payment-notification-topic",
                            "delivery_policy": "",
                            "display_name": "",
                            "http_failure_feedback_role_arn": "",
                            "http_success_feedback_role_arn": "",
                            "http_success_feedback_sample_rate": "0",
                            "id": "arn:aws:sns:us-west-2:720044753173:payment-notification-topic",
                            "kms_master_key_id": "",
                            "lambda_failure_feedback_role_arn": "",
                            "lambda_success_feedback_role_arn": "",
                            "lambda_success_feedback_sample_rate": "0",
                            "name": "payment-notification-topic",
                            "policy": "{\"Version\":\"2012-10-17\",\"Statement\":[{\"Sid\":\"\",\"Effect\":\"Allow\",\"Principal\":{\"AWS\":\"*\"},\"Action\":\"SNS:Publish\",\"Resource\":\"arn:aws:sns:us-west-2:720044753173:payment-notification-topic\"}]}",
                            "sqs_failure_feedback_role_arn": "",
                            "sqs_success_feedback_role_arn": "",
                            "sqs_success_feedback_sample_rate": "0"
                        },
                        "meta": {},
                        "tainted": false
                    },
                    "deposed": [],
                    "provider": "provider.aws"
                },
                "aws_sns_topic_policy.payment-notification-policy": {
                    "type": "aws_sns_topic_policy",
                    "depends_on": [
                        "aws_sns_topic.payment-notification-topic",
                        "data.aws_iam_policy_document.sns-topic-policy"
                    ],
                    "primary": {
                        "id": "arn:aws:sns:us-west-2:720044753173:payment-notification-topic",
                        "attributes": {
                            "arn": "arn:aws:sns:us-west-2:720044753173:payment-notification-topic",
                            "id": "arn:aws:sns:us-west-2:720044753173:payment-notification-topic",
                            "policy": "{\"Version\":\"2012-10-17\",\"Statement\":[{\"Sid\":\"\",\"Effect\":\"Allow\",\"Principal\":{\"AWS\":\"*\"},\"Action\":\"SNS:Publish\",\"Resource\":\"arn:aws:sns:us-west-2:720044753173:payment-notification-topic\"}]}"
                        },
                        "meta": {},
                        "tainted": false
                    },
                    "deposed": [],
                    "provider": "provider.aws"
                },
                "aws_sns_topic_subscription.dummy-sns-subscription1": {
                    "type": "aws_sns_topic_subscription",
                    "depends_on": [
                        "aws_sns_topic.payment-notification-topic"
                    ],
                    "primary": {
                        "id": "arn:aws:sns:us-west-2:720044753173:payment-notification-topic:d28f38d2-17ec-4884-856b-bd9b23f86992",
                        "attributes": {
                            "arn": "arn:aws:sns:us-west-2:720044753173:payment-notification-topic:d28f38d2-17ec-4884-856b-bd9b23f86992",
                            "confirmation_timeout_in_minutes": "1",
                            "delivery_policy": "",
                            "endpoint": "arn:aws:sqs:us-west-2:720044753173:test-queue-1",
                            "endpoint_auto_confirms": "false",
                            "filter_policy": "  {  \"payment-type\": [\"boleto\"]}\n  ",
                            "id": "arn:aws:sns:us-west-2:720044753173:payment-notification-topic:d28f38d2-17ec-4884-856b-bd9b23f86992",
                            "protocol": "sqs",
                            "raw_message_delivery": "false",
                            "topic_arn": "arn:aws:sns:us-west-2:720044753173:payment-notification-topic"
                        },
                        "meta": {},
                        "tainted": false
                    },
                    "deposed": [],
                    "provider": "provider.aws"
                },
                "aws_sns_topic_subscription.dummy-sns-subscription2": {
                    "type": "aws_sns_topic_subscription",
                    "depends_on": [
                        "aws_sns_topic.payment-notification-topic"
                    ],
                    "primary": {
                        "id": "arn:aws:sns:us-west-2:720044753173:payment-notification-topic:f787fca4-85d3-4bc4-9c92-3be8ebb1437e",
                        "attributes": {
                            "arn": "arn:aws:sns:us-west-2:720044753173:payment-notification-topic:f787fca4-85d3-4bc4-9c92-3be8ebb1437e",
                            "confirmation_timeout_in_minutes": "1",
                            "delivery_policy": "",
                            "endpoint": "arn:aws:sqs:us-west-2:720044753173:test-queue-2",
                            "endpoint_auto_confirms": "false",
                            "filter_policy": "  {  \"payment-type\": [\"debit-online\"]}\n  ",
                            "id": "arn:aws:sns:us-west-2:720044753173:payment-notification-topic:f787fca4-85d3-4bc4-9c92-3be8ebb1437e",
                            "protocol": "sqs",
                            "raw_message_delivery": "false",
                            "topic_arn": "arn:aws:sns:us-west-2:720044753173:payment-notification-topic"
                        },
                        "meta": {},
                        "tainted": false
                    },
                    "deposed": [],
                    "provider": "provider.aws"
                },
                "data.aws_iam_policy_document.sns-topic-policy": {
                    "type": "aws_iam_policy_document",
                    "depends_on": [
                        "aws_sns_topic.payment-notification-topic"
                    ],
                    "primary": {
                        "id": "3811261434",
                        "attributes": {
                            "id": "3811261434",
                            "json": "{\n  \"Version\": \"2012-10-17\",\n  \"Statement\": [\n    {\n      \"Sid\": \"\",\n      \"Effect\": \"Allow\",\n      \"Action\": \"SNS:Publish\",\n      \"Resource\": \"arn:aws:sns:us-west-2:720044753173:payment-notification-topic\",\n      \"Principal\": {\n        \"AWS\": \"*\"\n      }\n    }\n  ]\n}",
                            "statement.#": "1",
                            "statement.0.actions.#": "1",
                            "statement.0.actions.2735494433": "SNS:Publish",
                            "statement.0.condition.#": "0",
                            "statement.0.effect": "Allow",
                            "statement.0.not_actions.#": "0",
                            "statement.0.not_principals.#": "0",
                            "statement.0.not_resources.#": "0",
                            "statement.0.principals.#": "1",
                            "statement.0.principals.636693895.identifiers.#": "1",
                            "statement.0.principals.636693895.identifiers.2679715827": "*",
                            "statement.0.principals.636693895.type": "AWS",
                            "statement.0.resources.#": "1",
                            "statement.0.resources.903528048": "arn:aws:sns:us-west-2:720044753173:payment-notification-topic",
                            "statement.0.sid": "",
                            "version": "2012-10-17"
                        },
                        "meta": {},
                        "tainted": false
                    },
                    "deposed": [],
                    "provider": "provider.aws"
                },
                "data.aws_iam_policy_document.trust-policy": {
                    "type": "aws_iam_policy_document",
                    "depends_on": [],
                    "primary": {
                        "id": "3387873407",
                        "attributes": {
                            "id": "3387873407",
                            "json": "{\n  \"Version\": \"2012-10-17\",\n  \"Statement\": [\n    {\n      \"Sid\": \"\",\n      \"Effect\": \"Allow\",\n      \"Action\": \"sts:AssumeRole\",\n      \"Principal\": {\n        \"AWS\": \"*\"\n      }\n    }\n  ]\n}",
                            "statement.#": "1",
                            "statement.0.actions.#": "1",
                            "statement.0.actions.2528466339": "sts:AssumeRole",
                            "statement.0.condition.#": "0",
                            "statement.0.effect": "Allow",
                            "statement.0.not_actions.#": "0",
                            "statement.0.not_principals.#": "0",
                            "statement.0.not_resources.#": "0",
                            "statement.0.principals.#": "1",
                            "statement.0.principals.636693895.identifiers.#": "1",
                            "statement.0.principals.636693895.identifiers.2679715827": "*",
                            "statement.0.principals.636693895.type": "AWS",
                            "statement.0.resources.#": "0",
                            "statement.0.sid": "",
                            "version": "2012-10-17"
                        },
                        "meta": {},
                        "tainted": false
                    },
                    "deposed": [],
                    "provider": "provider.aws"
                }
            },
            "depends_on": []
        }
    ]
}
