{
    "version": 3,
    "terraform_version": "0.11.11",
    "serial": 21,
    "lineage": "506b6ab1-d1f2-c3df-bc9f-7a870dc1c4f0",
    "modules": [
        {
            "path": [
                "root"
            ],
            "outputs": {},
            "resources": {
                "aws_api_gateway_integration.payment-notification-integration": {
                    "type": "aws_api_gateway_integration",
                    "depends_on": [
                        "aws_api_gateway_method.payment-notification-http-method",
                        "aws_api_gateway_resource.payment-notification-resource",
                        "aws_api_gateway_rest_api.payment-notification-api",
                        "aws_iam_role.trust-role",
                        "aws_sns_topic.payment-notification-topic"
                    ],
                    "primary": {
                        "id": "agi-1xet0jb0j0-q6xigz-POST",
                        "attributes": {
                            "cache_key_parameters.#": "0",
                            "cache_namespace": "q6xigz",
                            "connection_id": "",
                            "connection_type": "INTERNET",
                            "content_handling": "",
                            "credentials": "arn:aws:iam::720044753173:role/trust-role",
                            "http_method": "POST",
                            "id": "agi-1xet0jb0j0-q6xigz-POST",
                            "integration_http_method": "POST",
                            "passthrough_behavior": "WHEN_NO_MATCH",
                            "request_parameters.%": "2",
                            "request_parameters.integration.request.querystring.Message": "method.request.querystring.Message",
                            "request_parameters.integration.request.querystring.TopicArn": "'arn:aws:sns:us-west-2:720044753173:payment-notification-topic'",
                            "request_templates.%": "0",
                            "resource_id": "q6xigz",
                            "rest_api_id": "1xet0jb0j0",
                            "timeout_milliseconds": "29000",
                            "type": "AWS",
                            "uri": "arn:aws:apigateway:us-west-2:sns:action/Publish"
                        },
                        "meta": {},
                        "tainted": false
                    },
                    "deposed": [],
                    "provider": "provider.aws"
                },
                "aws_api_gateway_method.payment-notification-http-method": {
                    "type": "aws_api_gateway_method",
                    "depends_on": [
                        "aws_api_gateway_resource.payment-notification-resource",
                        "aws_api_gateway_rest_api.payment-notification-api"
                    ],
                    "primary": {
                        "id": "agm-1xet0jb0j0-q6xigz-POST",
                        "attributes": {
                            "api_key_required": "false",
                            "authorization": "NONE",
                            "authorization_scopes.#": "0",
                            "authorizer_id": "",
                            "http_method": "POST",
                            "id": "agm-1xet0jb0j0-q6xigz-POST",
                            "request_models.%": "0",
                            "request_parameters.%": "1",
                            "request_parameters.method.request.querystring.Message": "true",
                            "request_validator_id": "",
                            "resource_id": "q6xigz",
                            "rest_api_id": "1xet0jb0j0"
                        },
                        "meta": {},
                        "tainted": false
                    },
                    "deposed": [],
                    "provider": "provider.aws"
                },
                "aws_api_gateway_method_response.payment-notification-response": {
                    "type": "aws_api_gateway_method_response",
                    "depends_on": [
                        "aws_api_gateway_method.payment-notification-http-method",
                        "aws_api_gateway_resource.payment-notification-resource",
                        "aws_api_gateway_rest_api.payment-notification-api"
                    ],
                    "primary": {
                        "id": "agmr-1xet0jb0j0-q6xigz-POST-200",
                        "attributes": {
                            "http_method": "POST",
                            "id": "agmr-1xet0jb0j0-q6xigz-POST-200",
                            "resource_id": "q6xigz",
                            "rest_api_id": "1xet0jb0j0",
                            "status_code": "200"
                        },
                        "meta": {},
                        "tainted": false
                    },
                    "deposed": [],
                    "provider": "provider.aws"
                },
                "aws_api_gateway_resource.payment-notification-resource": {
                    "type": "aws_api_gateway_resource",
                    "depends_on": [
                        "aws_api_gateway_rest_api.payment-notification-api"
                    ],
                    "primary": {
                        "id": "q6xigz",
                        "attributes": {
                            "id": "q6xigz",
                            "parent_id": "mmm1us9q6a",
                            "path": "/notifications",
                            "path_part": "notifications",
                            "rest_api_id": "1xet0jb0j0"
                        },
                        "meta": {},
                        "tainted": false
                    },
                    "deposed": [],
                    "provider": "provider.aws"
                },
                "aws_api_gateway_rest_api.payment-notification-api": {
                    "type": "aws_api_gateway_rest_api",
                    "depends_on": [],
                    "primary": {
                        "id": "1xet0jb0j0",
                        "attributes": {
                            "api_key_source": "HEADER",
                            "binary_media_types.#": "0",
                            "created_date": "2018-12-17T01:11:33Z",
                            "description": "Payment notification",
                            "endpoint_configuration.#": "1",
                            "endpoint_configuration.0.types.#": "1",
                            "endpoint_configuration.0.types.0": "EDGE",
                            "execution_arn": "arn:aws:execute-api:us-west-2:720044753173:1xet0jb0j0",
                            "id": "1xet0jb0j0",
                            "minimum_compression_size": "-1",
                            "name": "payment-notification",
                            "policy": "",
                            "root_resource_id": "mmm1us9q6a"
                        },
                        "meta": {},
                        "tainted": false
                    },
                    "deposed": [],
                    "provider": "provider.aws"
                },
                "aws_iam_role.trust-role": {
                    "type": "aws_iam_role",
                    "depends_on": [
                        "data.aws_iam_policy_document.trust-policy"
                    ],
                    "primary": {
                        "id": "trust-role",
                        "attributes": {
                            "arn": "arn:aws:iam::720044753173:role/trust-role",
                            "assume_role_policy": "{\"Version\":\"2012-10-17\",\"Statement\":[{\"Sid\":\"\",\"Effect\":\"Allow\",\"Principal\":{\"AWS\":\"*\"},\"Action\":\"sts:AssumeRole\"}]}",
                            "create_date": "2018-12-17T01:21:46Z",
                            "description": "",
                            "force_detach_policies": "false",
                            "id": "trust-role",
                            "max_session_duration": "3600",
                            "name": "trust-role",
                            "path": "/",
                            "tags.%": "0",
                            "unique_id": "AROAIJFDGX2J6U2GMRSFK"
                        },
                        "meta": {},
                        "tainted": false
                    },
                    "deposed": [],
                    "provider": "provider.aws"
                },
                "aws_sns_topic.payment-notification-topic": {
                    "type": "aws_sns_topic",
                    "depends_on": [],
                    "primary": {
                        "id": "arn:aws:sns:us-west-2:720044753173:payment-notification-topic",
                        "attributes": {
                            "application_failure_feedback_role_arn": "",
                            "application_success_feedback_role_arn": "",
                            "application_success_feedback_sample_rate": "0",
                            "arn": "arn:aws:sns:us-west-2:720044753173:payment-notification-topic",
                            "delivery_policy": "",
                            "display_name": "",
                            "http_failure_feedback_role_arn": "",
                            "http_success_feedback_role_arn": "",
                            "http_success_feedback_sample_rate": "0",
                            "id": "arn:aws:sns:us-west-2:720044753173:payment-notification-topic",
                            "kms_master_key_id": "",
                            "lambda_failure_feedback_role_arn": "",
                            "lambda_success_feedback_role_arn": "",
                            "lambda_success_feedback_sample_rate": "0",
                            "name": "payment-notification-topic",
                            "policy": "{\"Version\":\"2012-10-17\",\"Statement\":[{\"Sid\":\"\",\"Effect\":\"Allow\",\"Principal\":{\"AWS\":\"*\"},\"Action\":\"SNS:Publish\",\"Resource\":\"arn:aws:sns:us-west-2:720044753173:payment-notification-topic\"}]}",
                            "sqs_failure_feedback_role_arn": "",
                            "sqs_success_feedback_role_arn": "",
                            "sqs_success_feedback_sample_rate": "0"
                        },
                        "meta": {},
                        "tainted": false
                    },
                    "deposed": [],
                    "provider": "provider.aws"
                },
                "aws_sns_topic_policy.payment-notification-policy": {
                    "type": "aws_sns_topic_policy",
                    "depends_on": [
                        "aws_sns_topic.payment-notification-topic",
                        "data.aws_iam_policy_document.sns-topic-policy"
                    ],
                    "primary": {
                        "id": "arn:aws:sns:us-west-2:720044753173:payment-notification-topic",
                        "attributes": {
                            "arn": "arn:aws:sns:us-west-2:720044753173:payment-notification-topic",
                            "id": "arn:aws:sns:us-west-2:720044753173:payment-notification-topic",
                            "policy": "{\"Version\":\"2012-10-17\",\"Statement\":[{\"Sid\":\"\",\"Effect\":\"Allow\",\"Principal\":{\"AWS\":\"*\"},\"Action\":\"SNS:Publish\",\"Resource\":\"arn:aws:sns:us-west-2:720044753173:payment-notification-topic\"}]}"
                        },
                        "meta": {},
                        "tainted": false
                    },
                    "deposed": [],
                    "provider": "provider.aws"
                },
                "data.aws_iam_policy_document.sns-topic-policy": {
                    "type": "aws_iam_policy_document",
                    "depends_on": [
                        "aws_sns_topic.payment-notification-topic"
                    ],
                    "primary": {
                        "id": "3811261434",
                        "attributes": {
                            "id": "3811261434",
                            "json": "{\n  \"Version\": \"2012-10-17\",\n  \"Statement\": [\n    {\n      \"Sid\": \"\",\n      \"Effect\": \"Allow\",\n      \"Action\": \"SNS:Publish\",\n      \"Resource\": \"arn:aws:sns:us-west-2:720044753173:payment-notification-topic\",\n      \"Principal\": {\n        \"AWS\": \"*\"\n      }\n    }\n  ]\n}",
                            "statement.#": "1",
                            "statement.0.actions.#": "1",
                            "statement.0.actions.2735494433": "SNS:Publish",
                            "statement.0.condition.#": "0",
                            "statement.0.effect": "Allow",
                            "statement.0.not_actions.#": "0",
                            "statement.0.not_principals.#": "0",
                            "statement.0.not_resources.#": "0",
                            "statement.0.principals.#": "1",
                            "statement.0.principals.636693895.identifiers.#": "1",
                            "statement.0.principals.636693895.identifiers.2679715827": "*",
                            "statement.0.principals.636693895.type": "AWS",
                            "statement.0.resources.#": "1",
                            "statement.0.resources.903528048": "arn:aws:sns:us-west-2:720044753173:payment-notification-topic",
                            "statement.0.sid": "",
                            "version": "2012-10-17"
                        },
                        "meta": {},
                        "tainted": false
                    },
                    "deposed": [],
                    "provider": "provider.aws"
                },
                "data.aws_iam_policy_document.trust-policy": {
                    "type": "aws_iam_policy_document",
                    "depends_on": [],
                    "primary": {
                        "id": "3387873407",
                        "attributes": {
                            "id": "3387873407",
                            "json": "{\n  \"Version\": \"2012-10-17\",\n  \"Statement\": [\n    {\n      \"Sid\": \"\",\n      \"Effect\": \"Allow\",\n      \"Action\": \"sts:AssumeRole\",\n      \"Principal\": {\n        \"AWS\": \"*\"\n      }\n    }\n  ]\n}",
                            "statement.#": "1",
                            "statement.0.actions.#": "1",
                            "statement.0.actions.2528466339": "sts:AssumeRole",
                            "statement.0.condition.#": "0",
                            "statement.0.effect": "Allow",
                            "statement.0.not_actions.#": "0",
                            "statement.0.not_principals.#": "0",
                            "statement.0.not_resources.#": "0",
                            "statement.0.principals.#": "1",
                            "statement.0.principals.636693895.identifiers.#": "1",
                            "statement.0.principals.636693895.identifiers.2679715827": "*",
                            "statement.0.principals.636693895.type": "AWS",
                            "statement.0.resources.#": "0",
                            "statement.0.sid": "",
                            "version": "2012-10-17"
                        },
                        "meta": {},
                        "tainted": false
                    },
                    "deposed": [],
                    "provider": "provider.aws"
                }
            },
            "depends_on": []
        }
    ]
}
